
Microsoft Visual Studio Solution File, Format Version 12.00
# Visual Studio Version 17
VisualStudioVersion = 17.0.31903.59
MinimumVisualStudioVersion = 10.0.40219.1
Project("{2150E333-8FDC-42A3-9474-1A3956D46DE8}") = "src", "src", "{827E0CD3-B72D-47B6-A68D-7590B98EB39B}"
EndProject
Project("{FAE04EC0-301F-11D3-BF4B-00C04F79EFBC}") = "DataLinq.Data.Read", "src\DataLinq.Data.Read\DataLinq.Data.Read.csproj", "{82DA70C6-8FE4-4A10-BF31-5BDC1B63925C}"
EndProject
Project("{FAE04EC0-301F-11D3-BF4B-00C04F79EFBC}") = "DataLinq.Data.Write", "src\DataLinq.Data.Write\DataLinq.Data.Write.csproj", "{377C9A91-E6E5-42BD-9C8E-F3B1E9C925D8}"
EndProject
Project("{FAE04EC0-301F-11D3-BF4B-00C04F79EFBC}") = "DataLinq.Extensions.AsyncEnumerableExtensions", "src\DataLinq.Extensions.AsyncEnumerableExtensions\DataLinq.Extensions.AsyncEnumerableExtensions.csproj", "{A27D542C-1A04-4B05-B540-1ED1DA668DCF}"
EndProject
Project("{FAE04EC0-301F-11D3-BF4B-00C04F79EFBC}") = "DataLinq.Extensions.EnumerableExtensions", "src\DataLinq.Extensions.EnumerableExtensions\DataLinq.Extensions.EnumerableExtensions.csproj", "{1273C9CB-B1E8-4EAD-AE59-7CA51F75F353}"
EndProject
Project("{FAE04EC0-301F-11D3-BF4B-00C04F79EFBC}") = "DataLinq.Extensions.ParallelAsyncQueryExtensions", "src\DataLinq.Extensions.ParallelAsyncQueryExtensions\DataLinq.Extensions.ParallelAsyncQueryExtensions.csproj", "{C22B3D6F-DD32-480E-A456-E2B861B093AD}"
EndProject
Project("{FAE04EC0-301F-11D3-BF4B-00C04F79EFBC}") = "DataLinq.Extensions.ParallelQueryExtensions", "src\DataLinq.Extensions.ParallelQueryExtensions\DataLinq.Extensions.ParallelQueryExtensions.csproj", "{CE85B555-AB90-4B52-8F34-E068814062EE}"
EndProject
Project("{FAE04EC0-301F-11D3-BF4B-00C04F79EFBC}") = "DataLinq.Framework.AsyncEnumerable", "src\DataLinq.Framework.AsyncEnumerable\DataLinq.Framework.AsyncEnumerable.csproj", "{B1936184-8635-4ABF-BE79-566DF56D9CEB}"
EndProject
Project("{FAE04EC0-301F-11D3-BF4B-00C04F79EFBC}") = "DataLinq.Framework.EnumerableWithNote", "src\DataLinq.Framework.EnumerableWithNote\DataLinq.Framework.EnumerableWithNote.csproj", "{8F5CF0BC-05A9-4BC6-960C-88F3B9BF2082}"
EndProject
Project("{FAE04EC0-301F-11D3-BF4B-00C04F79EFBC}") = "DataLinq.Framework.Guard", "src\DataLinq.Framework.Guard\DataLinq.Framework.Guard.csproj", "{D4A12C13-E379-498C-BA4B-5C661B841443}"
EndProject
Project("{FAE04EC0-301F-11D3-BF4B-00C04F79EFBC}") = "DataLinq.Framework.ObjectMaterializer", "src\DataLinq.Framework.ObjectMaterializer\DataLinq.Framework.ObjectMaterializer.csproj", "{5D6F0B97-0170-4A27-BD47-642C0985669C}"
EndProject
Project("{FAE04EC0-301F-11D3-BF4B-00C04F79EFBC}") = "DataLinq.Framework.ParallelAsyncQuery", "src\DataLinq.Framework.ParallelAsyncQuery\DataLinq.Framework.ParallelAsyncQuery.csproj", "{3BB01CB7-5BA3-4045-B101-414015B1EFA2}"
EndProject
Project("{2150E333-8FDC-42A3-9474-1A3956D46DE8}") = "packaging", "packaging", "{E927F87B-A585-A586-52B2-1371051E189F}"
EndProject
Project("{FAE04EC0-301F-11D3-BF4B-00C04F79EFBC}") = "DataLinq.Net", "packaging\DataLinq.Net\DataLinq.Net.csproj", "{A3833F92-15F2-4CC4-9051-61E1C702489B}"
EndProject
Project("{FAE04EC0-301F-11D3-BF4B-00C04F79EFBC}") = "DataLinq.Extensions.StringExtensions", "src\DataLinq.Extensions.StringExtensions\DataLinq.Extensions.StringExtensions.csproj", "{D2D3B0ED-87C7-46D1-A3BA-D2ED4B89D90B}"
EndProject
Project("{2150E333-8FDC-42A3-9474-1A3956D46DE8}") = "tests", "tests", "{0AB3BF05-4346-4AA6-1389-037BE0695223}"
EndProject
Project("{FAE04EC0-301F-11D3-BF4B-00C04F79EFBC}") = "DataLinqAuditTest", "tests\IntegrationTests\DataLinq.AuditTest\DataLinqAuditTest.csproj", "{F9918DE9-73E2-4EE0-B48A-E8C861C446A0}"
EndProject
Project("{FAE04EC0-301F-11D3-BF4B-00C04F79EFBC}") = "DataLinq.App.UsageExamples", "tests\IntegrationTests\DataLinq.UsageExamples\DataLinq.App.UsageExamples.csproj", "{6B8D88BA-41A8-4C48-BF3A-610DFEEE970F}"
EndProject
Project("{FAE04EC0-301F-11D3-BF4B-00C04F79EFBC}") = "DataLinq.CasesOverloadTests", "tests\UnitTests\DataLinq.CasesOverloadTests\DataLinq.CasesOverloadTests.csproj", "{830CD527-EE99-4458-9542-B093EF1CF590}"
EndProject
Project("{FAE04EC0-301F-11D3-BF4B-00C04F79EFBC}") = "DataLinq.Core.Tests", "tests\UnitTests\DataLinq.Core.Tests\DataLinq.Core.Tests.csproj", "{4DA4C389-698B-4393-9E63-0841A87D2062}"
EndProject
Project("{FAE04EC0-301F-11D3-BF4B-00C04F79EFBC}") = "DataLinq.Data.Tests", "tests\UnitTests\DataLinq.Data.Tests\DataLinq.Data.Tests.csproj", "{C8425431-0CF8-44B5-9026-5C102E94A835}"
EndProject
Project("{FAE04EC0-301F-11D3-BF4B-00C04F79EFBC}") = "DataLinq.Data.Write.Tests", "tests\UnitTests\DataLinq.Data.Write.Tests\DataLinq.Data.Write.Tests.csproj", "{1FACB985-5E50-4E73-8CEC-00EE7002AE84}"
EndProject
Project("{FAE04EC0-301F-11D3-BF4B-00C04F79EFBC}") = "DataLinq.ParallelAsyncQuery.Tests", "tests\UnitTests\DataLinq.ParallelAsyncQuery.Tests\DataLinq.ParallelAsyncQuery.Tests.csproj", "{0DD79377-F1F7-4E6B-A778-CBBC5AA62235}"
EndProject
Project("{2150E333-8FDC-42A3-9474-1A3956D46DE8}") = "PackageTests", "PackageTests", "{63ECD0DA-42CA-20A9-CF72-40E7F2686A58}"
EndProject
Project("{2150E333-8FDC-42A3-9474-1A3956D46DE8}") = "DataLinq.InstallTest", "DataLinq.InstallTest", "{FCEDD080-E0C7-CC40-9AE5-39A90F50331E}"
EndProject
Project("{FAE04EC0-301F-11D3-BF4B-00C04F79EFBC}") = "InstallTest", "tests\PackageTests\DataLinq.InstallTest\InstallTest.csproj", "{3C337612-B932-4894-8AF9-C64C5DD9747C}"
EndProject
Project("{FAE04EC0-301F-11D3-BF4B-00C04F79EFBC}") = "DataLinq.LimitsTest", "tests\PackageTests\DataLinq.LimitsTest\DataLinq.LimitsTest.csproj", "{18B5DAC7-35F1-4F73-93E2-7443162F3071}"
EndProject
Project("{FAE04EC0-301F-11D3-BF4B-00C04F79EFBC}") = "PackageTest", "tests\PackageTests\DataLinq.PackageTest\PackageTest.csproj", "{F7D10AA3-8A4A-4BD7-846B-171F723E974B}"
EndProject
Global
	GlobalSection(SolutionConfigurationPlatforms) = preSolution
		Debug|Any CPU = Debug|Any CPU
		Debug|x64 = Debug|x64
		Debug|x86 = Debug|x86
		Release|Any CPU = Release|Any CPU
		Release|x64 = Release|x64
		Release|x86 = Release|x86
	EndGlobalSection
	GlobalSection(ProjectConfigurationPlatforms) = postSolution
		{82DA70C6-8FE4-4A10-BF31-5BDC1B63925C}.Debug|Any CPU.ActiveCfg = Debug|Any CPU
		{82DA70C6-8FE4-4A10-BF31-5BDC1B63925C}.Debug|Any CPU.Build.0 = Debug|Any CPU
		{82DA70C6-8FE4-4A10-BF31-5BDC1B63925C}.Debug|x64.ActiveCfg = Debug|Any CPU
		{82DA70C6-8FE4-4A10-BF31-5BDC1B63925C}.Debug|x64.Build.0 = Debug|Any CPU
		{82DA70C6-8FE4-4A10-BF31-5BDC1B63925C}.Debug|x86.ActiveCfg = Debug|Any CPU
		{82DA70C6-8FE4-4A10-BF31-5BDC1B63925C}.Debug|x86.Build.0 = Debug|Any CPU
		{82DA70C6-8FE4-4A10-BF31-5BDC1B63925C}.Release|Any CPU.ActiveCfg = Release|Any CPU
		{82DA70C6-8FE4-4A10-BF31-5BDC1B63925C}.Release|Any CPU.Build.0 = Release|Any CPU
		{82DA70C6-8FE4-4A10-BF31-5BDC1B63925C}.Release|x64.ActiveCfg = Release|Any CPU
		{82DA70C6-8FE4-4A10-BF31-5BDC1B63925C}.Release|x64.Build.0 = Release|Any CPU
		{82DA70C6-8FE4-4A10-BF31-5BDC1B63925C}.Release|x86.ActiveCfg = Release|Any CPU
		{82DA70C6-8FE4-4A10-BF31-5BDC1B63925C}.Release|x86.Build.0 = Release|Any CPU
		{377C9A91-E6E5-42BD-9C8E-F3B1E9C925D8}.Debug|Any CPU.ActiveCfg = Debug|Any CPU
		{377C9A91-E6E5-42BD-9C8E-F3B1E9C925D8}.Debug|Any CPU.Build.0 = Debug|Any CPU
		{377C9A91-E6E5-42BD-9C8E-F3B1E9C925D8}.Debug|x64.ActiveCfg = Debug|Any CPU
		{377C9A91-E6E5-42BD-9C8E-F3B1E9C925D8}.Debug|x64.Build.0 = Debug|Any CPU
		{377C9A91-E6E5-42BD-9C8E-F3B1E9C925D8}.Debug|x86.ActiveCfg = Debug|Any CPU
		{377C9A91-E6E5-42BD-9C8E-F3B1E9C925D8}.Debug|x86.Build.0 = Debug|Any CPU
		{377C9A91-E6E5-42BD-9C8E-F3B1E9C925D8}.Release|Any CPU.ActiveCfg = Release|Any CPU
		{377C9A91-E6E5-42BD-9C8E-F3B1E9C925D8}.Release|Any CPU.Build.0 = Release|Any CPU
		{377C9A91-E6E5-42BD-9C8E-F3B1E9C925D8}.Release|x64.ActiveCfg = Release|Any CPU
		{377C9A91-E6E5-42BD-9C8E-F3B1E9C925D8}.Release|x64.Build.0 = Release|Any CPU
		{377C9A91-E6E5-42BD-9C8E-F3B1E9C925D8}.Release|x86.ActiveCfg = Release|Any CPU
		{377C9A91-E6E5-42BD-9C8E-F3B1E9C925D8}.Release|x86.Build.0 = Release|Any CPU
		{A27D542C-1A04-4B05-B540-1ED1DA668DCF}.Debug|Any CPU.ActiveCfg = Debug|Any CPU
		{A27D542C-1A04-4B05-B540-1ED1DA668DCF}.Debug|Any CPU.Build.0 = Debug|Any CPU
		{A27D542C-1A04-4B05-B540-1ED1DA668DCF}.Debug|x64.ActiveCfg = Debug|Any CPU
		{A27D542C-1A04-4B05-B540-1ED1DA668DCF}.Debug|x64.Build.0 = Debug|Any CPU
		{A27D542C-1A04-4B05-B540-1ED1DA668DCF}.Debug|x86.ActiveCfg = Debug|Any CPU
		{A27D542C-1A04-4B05-B540-1ED1DA668DCF}.Debug|x86.Build.0 = Debug|Any CPU
		{A27D542C-1A04-4B05-B540-1ED1DA668DCF}.Release|Any CPU.ActiveCfg = Release|Any CPU
		{A27D542C-1A04-4B05-B540-1ED1DA668DCF}.Release|Any CPU.Build.0 = Release|Any CPU
		{A27D542C-1A04-4B05-B540-1ED1DA668DCF}.Release|x64.ActiveCfg = Release|Any CPU
		{A27D542C-1A04-4B05-B540-1ED1DA668DCF}.Release|x64.Build.0 = Release|Any CPU
		{A27D542C-1A04-4B05-B540-1ED1DA668DCF}.Release|x86.ActiveCfg = Release|Any CPU
		{A27D542C-1A04-4B05-B540-1ED1DA668DCF}.Release|x86.Build.0 = Release|Any CPU
		{1273C9CB-B1E8-4EAD-AE59-7CA51F75F353}.Debug|Any CPU.ActiveCfg = Debug|Any CPU
		{1273C9CB-B1E8-4EAD-AE59-7CA51F75F353}.Debug|Any CPU.Build.0 = Debug|Any CPU
		{1273C9CB-B1E8-4EAD-AE59-7CA51F75F353}.Debug|x64.ActiveCfg = Debug|Any CPU
		{1273C9CB-B1E8-4EAD-AE59-7CA51F75F353}.Debug|x64.Build.0 = Debug|Any CPU
		{1273C9CB-B1E8-4EAD-AE59-7CA51F75F353}.Debug|x86.ActiveCfg = Debug|Any CPU
		{1273C9CB-B1E8-4EAD-AE59-7CA51F75F353}.Debug|x86.Build.0 = Debug|Any CPU
		{1273C9CB-B1E8-4EAD-AE59-7CA51F75F353}.Release|Any CPU.ActiveCfg = Release|Any CPU
		{1273C9CB-B1E8-4EAD-AE59-7CA51F75F353}.Release|Any CPU.Build.0 = Release|Any CPU
		{1273C9CB-B1E8-4EAD-AE59-7CA51F75F353}.Release|x64.ActiveCfg = Release|Any CPU
		{1273C9CB-B1E8-4EAD-AE59-7CA51F75F353}.Release|x64.Build.0 = Release|Any CPU
		{1273C9CB-B1E8-4EAD-AE59-7CA51F75F353}.Release|x86.ActiveCfg = Release|Any CPU
		{1273C9CB-B1E8-4EAD-AE59-7CA51F75F353}.Release|x86.Build.0 = Release|Any CPU
		{C22B3D6F-DD32-480E-A456-E2B861B093AD}.Debug|Any CPU.ActiveCfg = Debug|Any CPU
		{C22B3D6F-DD32-480E-A456-E2B861B093AD}.Debug|Any CPU.Build.0 = Debug|Any CPU
		{C22B3D6F-DD32-480E-A456-E2B861B093AD}.Debug|x64.ActiveCfg = Debug|Any CPU
		{C22B3D6F-DD32-480E-A456-E2B861B093AD}.Debug|x64.Build.0 = Debug|Any CPU
		{C22B3D6F-DD32-480E-A456-E2B861B093AD}.Debug|x86.ActiveCfg = Debug|Any CPU
		{C22B3D6F-DD32-480E-A456-E2B861B093AD}.Debug|x86.Build.0 = Debug|Any CPU
		{C22B3D6F-DD32-480E-A456-E2B861B093AD}.Release|Any CPU.ActiveCfg = Release|Any CPU
		{C22B3D6F-DD32-480E-A456-E2B861B093AD}.Release|Any CPU.Build.0 = Release|Any CPU
		{C22B3D6F-DD32-480E-A456-E2B861B093AD}.Release|x64.ActiveCfg = Release|Any CPU
		{C22B3D6F-DD32-480E-A456-E2B861B093AD}.Release|x64.Build.0 = Release|Any CPU
		{C22B3D6F-DD32-480E-A456-E2B861B093AD}.Release|x86.ActiveCfg = Release|Any CPU
		{C22B3D6F-DD32-480E-A456-E2B861B093AD}.Release|x86.Build.0 = Release|Any CPU
		{CE85B555-AB90-4B52-8F34-E068814062EE}.Debug|Any CPU.ActiveCfg = Debug|Any CPU
		{CE85B555-AB90-4B52-8F34-E068814062EE}.Debug|Any CPU.Build.0 = Debug|Any CPU
		{CE85B555-AB90-4B52-8F34-E068814062EE}.Debug|x64.ActiveCfg = Debug|Any CPU
		{CE85B555-AB90-4B52-8F34-E068814062EE}.Debug|x64.Build.0 = Debug|Any CPU
		{CE85B555-AB90-4B52-8F34-E068814062EE}.Debug|x86.ActiveCfg = Debug|Any CPU
		{CE85B555-AB90-4B52-8F34-E068814062EE}.Debug|x86.Build.0 = Debug|Any CPU
		{CE85B555-AB90-4B52-8F34-E068814062EE}.Release|Any CPU.ActiveCfg = Release|Any CPU
		{CE85B555-AB90-4B52-8F34-E068814062EE}.Release|Any CPU.Build.0 = Release|Any CPU
		{CE85B555-AB90-4B52-8F34-E068814062EE}.Release|x64.ActiveCfg = Release|Any CPU
		{CE85B555-AB90-4B52-8F34-E068814062EE}.Release|x64.Build.0 = Release|Any CPU
		{CE85B555-AB90-4B52-8F34-E068814062EE}.Release|x86.ActiveCfg = Release|Any CPU
		{CE85B555-AB90-4B52-8F34-E068814062EE}.Release|x86.Build.0 = Release|Any CPU
		{B1936184-8635-4ABF-BE79-566DF56D9CEB}.Debug|Any CPU.ActiveCfg = Debug|Any CPU
		{B1936184-8635-4ABF-BE79-566DF56D9CEB}.Debug|Any CPU.Build.0 = Debug|Any CPU
		{B1936184-8635-4ABF-BE79-566DF56D9CEB}.Debug|x64.ActiveCfg = Debug|Any CPU
		{B1936184-8635-4ABF-BE79-566DF56D9CEB}.Debug|x64.Build.0 = Debug|Any CPU
		{B1936184-8635-4ABF-BE79-566DF56D9CEB}.Debug|x86.ActiveCfg = Debug|Any CPU
		{B1936184-8635-4ABF-BE79-566DF56D9CEB}.Debug|x86.Build.0 = Debug|Any CPU
		{B1936184-8635-4ABF-BE79-566DF56D9CEB}.Release|Any CPU.ActiveCfg = Release|Any CPU
		{B1936184-8635-4ABF-BE79-566DF56D9CEB}.Release|Any CPU.Build.0 = Release|Any CPU
		{B1936184-8635-4ABF-BE79-566DF56D9CEB}.Release|x64.ActiveCfg = Release|Any CPU
		{B1936184-8635-4ABF-BE79-566DF56D9CEB}.Release|x64.Build.0 = Release|Any CPU
		{B1936184-8635-4ABF-BE79-566DF56D9CEB}.Release|x86.ActiveCfg = Release|Any CPU
		{B1936184-8635-4ABF-BE79-566DF56D9CEB}.Release|x86.Build.0 = Release|Any CPU
		{8F5CF0BC-05A9-4BC6-960C-88F3B9BF2082}.Debug|Any CPU.ActiveCfg = Debug|Any CPU
		{8F5CF0BC-05A9-4BC6-960C-88F3B9BF2082}.Debug|Any CPU.Build.0 = Debug|Any CPU
		{8F5CF0BC-05A9-4BC6-960C-88F3B9BF2082}.Debug|x64.ActiveCfg = Debug|Any CPU
		{8F5CF0BC-05A9-4BC6-960C-88F3B9BF2082}.Debug|x64.Build.0 = Debug|Any CPU
		{8F5CF0BC-05A9-4BC6-960C-88F3B9BF2082}.Debug|x86.ActiveCfg = Debug|Any CPU
		{8F5CF0BC-05A9-4BC6-960C-88F3B9BF2082}.Debug|x86.Build.0 = Debug|Any CPU
		{8F5CF0BC-05A9-4BC6-960C-88F3B9BF2082}.Release|Any CPU.ActiveCfg = Release|Any CPU
		{8F5CF0BC-05A9-4BC6-960C-88F3B9BF2082}.Release|Any CPU.Build.0 = Release|Any CPU
		{8F5CF0BC-05A9-4BC6-960C-88F3B9BF2082}.Release|x64.ActiveCfg = Release|Any CPU
		{8F5CF0BC-05A9-4BC6-960C-88F3B9BF2082}.Release|x64.Build.0 = Release|Any CPU
		{8F5CF0BC-05A9-4BC6-960C-88F3B9BF2082}.Release|x86.ActiveCfg = Release|Any CPU
		{8F5CF0BC-05A9-4BC6-960C-88F3B9BF2082}.Release|x86.Build.0 = Release|Any CPU
		{D4A12C13-E379-498C-BA4B-5C661B841443}.Debug|Any CPU.ActiveCfg = Debug|Any CPU
		{D4A12C13-E379-498C-BA4B-5C661B841443}.Debug|Any CPU.Build.0 = Debug|Any CPU
		{D4A12C13-E379-498C-BA4B-5C661B841443}.Debug|x64.ActiveCfg = Debug|Any CPU
		{D4A12C13-E379-498C-BA4B-5C661B841443}.Debug|x64.Build.0 = Debug|Any CPU
		{D4A12C13-E379-498C-BA4B-5C661B841443}.Debug|x86.ActiveCfg = Debug|Any CPU
		{D4A12C13-E379-498C-BA4B-5C661B841443}.Debug|x86.Build.0 = Debug|Any CPU
		{D4A12C13-E379-498C-BA4B-5C661B841443}.Release|Any CPU.ActiveCfg = Release|Any CPU
		{D4A12C13-E379-498C-BA4B-5C661B841443}.Release|Any CPU.Build.0 = Release|Any CPU
		{D4A12C13-E379-498C-BA4B-5C661B841443}.Release|x64.ActiveCfg = Release|Any CPU
		{D4A12C13-E379-498C-BA4B-5C661B841443}.Release|x64.Build.0 = Release|Any CPU
		{D4A12C13-E379-498C-BA4B-5C661B841443}.Release|x86.ActiveCfg = Release|Any CPU
		{D4A12C13-E379-498C-BA4B-5C661B841443}.Release|x86.Build.0 = Release|Any CPU
		{5D6F0B97-0170-4A27-BD47-642C0985669C}.Debug|Any CPU.ActiveCfg = Debug|Any CPU
		{5D6F0B97-0170-4A27-BD47-642C0985669C}.Debug|Any CPU.Build.0 = Debug|Any CPU
		{5D6F0B97-0170-4A27-BD47-642C0985669C}.Debug|x64.ActiveCfg = Debug|Any CPU
		{5D6F0B97-0170-4A27-BD47-642C0985669C}.Debug|x64.Build.0 = Debug|Any CPU
		{5D6F0B97-0170-4A27-BD47-642C0985669C}.Debug|x86.ActiveCfg = Debug|Any CPU
		{5D6F0B97-0170-4A27-BD47-642C0985669C}.Debug|x86.Build.0 = Debug|Any CPU
		{5D6F0B97-0170-4A27-BD47-642C0985669C}.Release|Any CPU.ActiveCfg = Release|Any CPU
		{5D6F0B97-0170-4A27-BD47-642C0985669C}.Release|Any CPU.Build.0 = Release|Any CPU
		{5D6F0B97-0170-4A27-BD47-642C0985669C}.Release|x64.ActiveCfg = Release|Any CPU
		{5D6F0B97-0170-4A27-BD47-642C0985669C}.Release|x64.Build.0 = Release|Any CPU
		{5D6F0B97-0170-4A27-BD47-642C0985669C}.Release|x86.ActiveCfg = Release|Any CPU
		{5D6F0B97-0170-4A27-BD47-642C0985669C}.Release|x86.Build.0 = Release|Any CPU
		{3BB01CB7-5BA3-4045-B101-414015B1EFA2}.Debug|Any CPU.ActiveCfg = Debug|Any CPU
		{3BB01CB7-5BA3-4045-B101-414015B1EFA2}.Debug|Any CPU.Build.0 = Debug|Any CPU
		{3BB01CB7-5BA3-4045-B101-414015B1EFA2}.Debug|x64.ActiveCfg = Debug|Any CPU
		{3BB01CB7-5BA3-4045-B101-414015B1EFA2}.Debug|x64.Build.0 = Debug|Any CPU
		{3BB01CB7-5BA3-4045-B101-414015B1EFA2}.Debug|x86.ActiveCfg = Debug|Any CPU
		{3BB01CB7-5BA3-4045-B101-414015B1EFA2}.Debug|x86.Build.0 = Debug|Any CPU
		{3BB01CB7-5BA3-4045-B101-414015B1EFA2}.Release|Any CPU.ActiveCfg = Release|Any CPU
		{3BB01CB7-5BA3-4045-B101-414015B1EFA2}.Release|Any CPU.Build.0 = Release|Any CPU
		{3BB01CB7-5BA3-4045-B101-414015B1EFA2}.Release|x64.ActiveCfg = Release|Any CPU
		{3BB01CB7-5BA3-4045-B101-414015B1EFA2}.Release|x64.Build.0 = Release|Any CPU
		{3BB01CB7-5BA3-4045-B101-414015B1EFA2}.Release|x86.ActiveCfg = Release|Any CPU
		{3BB01CB7-5BA3-4045-B101-414015B1EFA2}.Release|x86.Build.0 = Release|Any CPU
		{A3833F92-15F2-4CC4-9051-61E1C702489B}.Debug|Any CPU.ActiveCfg = Debug|Any CPU
		{A3833F92-15F2-4CC4-9051-61E1C702489B}.Debug|Any CPU.Build.0 = Debug|Any CPU
		{A3833F92-15F2-4CC4-9051-61E1C702489B}.Debug|x64.ActiveCfg = Debug|Any CPU
		{A3833F92-15F2-4CC4-9051-61E1C702489B}.Debug|x64.Build.0 = Debug|Any CPU
		{A3833F92-15F2-4CC4-9051-61E1C702489B}.Debug|x86.ActiveCfg = Debug|Any CPU
		{A3833F92-15F2-4CC4-9051-61E1C702489B}.Debug|x86.Build.0 = Debug|Any CPU
		{A3833F92-15F2-4CC4-9051-61E1C702489B}.Release|Any CPU.ActiveCfg = Release|Any CPU
		{A3833F92-15F2-4CC4-9051-61E1C702489B}.Release|Any CPU.Build.0 = Release|Any CPU
		{A3833F92-15F2-4CC4-9051-61E1C702489B}.Release|x64.ActiveCfg = Release|Any CPU
		{A3833F92-15F2-4CC4-9051-61E1C702489B}.Release|x64.Build.0 = Release|Any CPU
		{A3833F92-15F2-4CC4-9051-61E1C702489B}.Release|x86.ActiveCfg = Release|Any CPU
		{A3833F92-15F2-4CC4-9051-61E1C702489B}.Release|x86.Build.0 = Release|Any CPU
		{D2D3B0ED-87C7-46D1-A3BA-D2ED4B89D90B}.Debug|Any CPU.ActiveCfg = Debug|Any CPU
		{D2D3B0ED-87C7-46D1-A3BA-D2ED4B89D90B}.Debug|Any CPU.Build.0 = Debug|Any CPU
		{D2D3B0ED-87C7-46D1-A3BA-D2ED4B89D90B}.Debug|x64.ActiveCfg = Debug|Any CPU
		{D2D3B0ED-87C7-46D1-A3BA-D2ED4B89D90B}.Debug|x64.Build.0 = Debug|Any CPU
		{D2D3B0ED-87C7-46D1-A3BA-D2ED4B89D90B}.Debug|x86.ActiveCfg = Debug|Any CPU
		{D2D3B0ED-87C7-46D1-A3BA-D2ED4B89D90B}.Debug|x86.Build.0 = Debug|Any CPU
		{D2D3B0ED-87C7-46D1-A3BA-D2ED4B89D90B}.Release|Any CPU.ActiveCfg = Release|Any CPU
		{D2D3B0ED-87C7-46D1-A3BA-D2ED4B89D90B}.Release|Any CPU.Build.0 = Release|Any CPU
		{D2D3B0ED-87C7-46D1-A3BA-D2ED4B89D90B}.Release|x64.ActiveCfg = Release|Any CPU
		{D2D3B0ED-87C7-46D1-A3BA-D2ED4B89D90B}.Release|x64.Build.0 = Release|Any CPU
		{D2D3B0ED-87C7-46D1-A3BA-D2ED4B89D90B}.Release|x86.ActiveCfg = Release|Any CPU
		{D2D3B0ED-87C7-46D1-A3BA-D2ED4B89D90B}.Release|x86.Build.0 = Release|Any CPU
		{F9918DE9-73E2-4EE0-B48A-E8C861C446A0}.Debug|Any CPU.ActiveCfg = Debug|Any CPU
		{F9918DE9-73E2-4EE0-B48A-E8C861C446A0}.Debug|Any CPU.Build.0 = Debug|Any CPU
		{F9918DE9-73E2-4EE0-B48A-E8C861C446A0}.Debug|x64.ActiveCfg = Debug|Any CPU
		{F9918DE9-73E2-4EE0-B48A-E8C861C446A0}.Debug|x64.Build.0 = Debug|Any CPU
		{F9918DE9-73E2-4EE0-B48A-E8C861C446A0}.Debug|x86.ActiveCfg = Debug|Any CPU
		{F9918DE9-73E2-4EE0-B48A-E8C861C446A0}.Debug|x86.Build.0 = Debug|Any CPU
		{F9918DE9-73E2-4EE0-B48A-E8C861C446A0}.Release|Any CPU.ActiveCfg = Release|Any CPU
		{F9918DE9-73E2-4EE0-B48A-E8C861C446A0}.Release|Any CPU.Build.0 = Release|Any CPU
		{F9918DE9-73E2-4EE0-B48A-E8C861C446A0}.Release|x64.ActiveCfg = Release|Any CPU
		{F9918DE9-73E2-4EE0-B48A-E8C861C446A0}.Release|x64.Build.0 = Release|Any CPU
		{F9918DE9-73E2-4EE0-B48A-E8C861C446A0}.Release|x86.ActiveCfg = Release|Any CPU
		{F9918DE9-73E2-4EE0-B48A-E8C861C446A0}.Release|x86.Build.0 = Release|Any CPU
		{6B8D88BA-41A8-4C48-BF3A-610DFEEE970F}.Debug|Any CPU.ActiveCfg = Debug|Any CPU
		{6B8D88BA-41A8-4C48-BF3A-610DFEEE970F}.Debug|Any CPU.Build.0 = Debug|Any CPU
		{6B8D88BA-41A8-4C48-BF3A-610DFEEE970F}.Debug|x64.ActiveCfg = Debug|Any CPU
		{6B8D88BA-41A8-4C48-BF3A-610DFEEE970F}.Debug|x64.Build.0 = Debug|Any CPU
		{6B8D88BA-41A8-4C48-BF3A-610DFEEE970F}.Debug|x86.ActiveCfg = Debug|Any CPU
		{6B8D88BA-41A8-4C48-BF3A-610DFEEE970F}.Debug|x86.Build.0 = Debug|Any CPU
		{6B8D88BA-41A8-4C48-BF3A-610DFEEE970F}.Release|Any CPU.ActiveCfg = Release|Any CPU
		{6B8D88BA-41A8-4C48-BF3A-610DFEEE970F}.Release|Any CPU.Build.0 = Release|Any CPU
		{6B8D88BA-41A8-4C48-BF3A-610DFEEE970F}.Release|x64.ActiveCfg = Release|Any CPU
		{6B8D88BA-41A8-4C48-BF3A-610DFEEE970F}.Release|x64.Build.0 = Release|Any CPU
		{6B8D88BA-41A8-4C48-BF3A-610DFEEE970F}.Release|x86.ActiveCfg = Release|Any CPU
		{6B8D88BA-41A8-4C48-BF3A-610DFEEE970F}.Release|x86.Build.0 = Release|Any CPU
		{830CD527-EE99-4458-9542-B093EF1CF590}.Debug|Any CPU.ActiveCfg = Debug|Any CPU
		{830CD527-EE99-4458-9542-B093EF1CF590}.Debug|Any CPU.Build.0 = Debug|Any CPU
		{830CD527-EE99-4458-9542-B093EF1CF590}.Debug|x64.ActiveCfg = Debug|Any CPU
		{830CD527-EE99-4458-9542-B093EF1CF590}.Debug|x64.Build.0 = Debug|Any CPU
		{830CD527-EE99-4458-9542-B093EF1CF590}.Debug|x86.ActiveCfg = Debug|Any CPU
		{830CD527-EE99-4458-9542-B093EF1CF590}.Debug|x86.Build.0 = Debug|Any CPU
		{830CD527-EE99-4458-9542-B093EF1CF590}.Release|Any CPU.ActiveCfg = Release|Any CPU
		{830CD527-EE99-4458-9542-B093EF1CF590}.Release|Any CPU.Build.0 = Release|Any CPU
		{830CD527-EE99-4458-9542-B093EF1CF590}.Release|x64.ActiveCfg = Release|Any CPU
		{830CD527-EE99-4458-9542-B093EF1CF590}.Release|x64.Build.0 = Release|Any CPU
		{830CD527-EE99-4458-9542-B093EF1CF590}.Release|x86.ActiveCfg = Release|Any CPU
		{830CD527-EE99-4458-9542-B093EF1CF590}.Release|x86.Build.0 = Release|Any CPU
		{4DA4C389-698B-4393-9E63-0841A87D2062}.Debug|Any CPU.ActiveCfg = Debug|Any CPU
		{4DA4C389-698B-4393-9E63-0841A87D2062}.Debug|Any CPU.Build.0 = Debug|Any CPU
		{4DA4C389-698B-4393-9E63-0841A87D2062}.Debug|x64.ActiveCfg = Debug|Any CPU
		{4DA4C389-698B-4393-9E63-0841A87D2062}.Debug|x64.Build.0 = Debug|Any CPU
		{4DA4C389-698B-4393-9E63-0841A87D2062}.Debug|x86.ActiveCfg = Debug|Any CPU
		{4DA4C389-698B-4393-9E63-0841A87D2062}.Debug|x86.Build.0 = Debug|Any CPU
		{4DA4C389-698B-4393-9E63-0841A87D2062}.Release|Any CPU.ActiveCfg = Release|Any CPU
		{4DA4C389-698B-4393-9E63-0841A87D2062}.Release|Any CPU.Build.0 = Release|Any CPU
		{4DA4C389-698B-4393-9E63-0841A87D2062}.Release|x64.ActiveCfg = Release|Any CPU
		{4DA4C389-698B-4393-9E63-0841A87D2062}.Release|x64.Build.0 = Release|Any CPU
		{4DA4C389-698B-4393-9E63-0841A87D2062}.Release|x86.ActiveCfg = Release|Any CPU
		{4DA4C389-698B-4393-9E63-0841A87D2062}.Release|x86.Build.0 = Release|Any CPU
		{C8425431-0CF8-44B5-9026-5C102E94A835}.Debug|Any CPU.ActiveCfg = Debug|Any CPU
		{C8425431-0CF8-44B5-9026-5C102E94A835}.Debug|Any CPU.Build.0 = Debug|Any CPU
		{C8425431-0CF8-44B5-9026-5C102E94A835}.Debug|x64.ActiveCfg = Debug|Any CPU
		{C8425431-0CF8-44B5-9026-5C102E94A835}.Debug|x64.Build.0 = Debug|Any CPU
		{C8425431-0CF8-44B5-9026-5C102E94A835}.Debug|x86.ActiveCfg = Debug|Any CPU
		{C8425431-0CF8-44B5-9026-5C102E94A835}.Debug|x86.Build.0 = Debug|Any CPU
		{C8425431-0CF8-44B5-9026-5C102E94A835}.Release|Any CPU.ActiveCfg = Release|Any CPU
		{C8425431-0CF8-44B5-9026-5C102E94A835}.Release|Any CPU.Build.0 = Release|Any CPU
		{C8425431-0CF8-44B5-9026-5C102E94A835}.Release|x64.ActiveCfg = Release|Any CPU
		{C8425431-0CF8-44B5-9026-5C102E94A835}.Release|x64.Build.0 = Release|Any CPU
		{C8425431-0CF8-44B5-9026-5C102E94A835}.Release|x86.ActiveCfg = Release|Any CPU
		{C8425431-0CF8-44B5-9026-5C102E94A835}.Release|x86.Build.0 = Release|Any CPU
		{1FACB985-5E50-4E73-8CEC-00EE7002AE84}.Debug|Any CPU.ActiveCfg = Debug|Any CPU
		{1FACB985-5E50-4E73-8CEC-00EE7002AE84}.Debug|Any CPU.Build.0 = Debug|Any CPU
		{1FACB985-5E50-4E73-8CEC-00EE7002AE84}.Debug|x64.ActiveCfg = Debug|Any CPU
		{1FACB985-5E50-4E73-8CEC-00EE7002AE84}.Debug|x64.Build.0 = Debug|Any CPU
		{1FACB985-5E50-4E73-8CEC-00EE7002AE84}.Debug|x86.ActiveCfg = Debug|Any CPU
		{1FACB985-5E50-4E73-8CEC-00EE7002AE84}.Debug|x86.Build.0 = Debug|Any CPU
		{1FACB985-5E50-4E73-8CEC-00EE7002AE84}.Release|Any CPU.ActiveCfg = Release|Any CPU
		{1FACB985-5E50-4E73-8CEC-00EE7002AE84}.Release|Any CPU.Build.0 = Release|Any CPU
		{1FACB985-5E50-4E73-8CEC-00EE7002AE84}.Release|x64.ActiveCfg = Release|Any CPU
		{1FACB985-5E50-4E73-8CEC-00EE7002AE84}.Release|x64.Build.0 = Release|Any CPU
		{1FACB985-5E50-4E73-8CEC-00EE7002AE84}.Release|x86.ActiveCfg = Release|Any CPU
		{1FACB985-5E50-4E73-8CEC-00EE7002AE84}.Release|x86.Build.0 = Release|Any CPU
		{0DD79377-F1F7-4E6B-A778-CBBC5AA62235}.Debug|Any CPU.ActiveCfg = Debug|Any CPU
		{0DD79377-F1F7-4E6B-A778-CBBC5AA62235}.Debug|Any CPU.Build.0 = Debug|Any CPU
		{0DD79377-F1F7-4E6B-A778-CBBC5AA62235}.Debug|x64.ActiveCfg = Debug|Any CPU
		{0DD79377-F1F7-4E6B-A778-CBBC5AA62235}.Debug|x64.Build.0 = Debug|Any CPU
		{0DD79377-F1F7-4E6B-A778-CBBC5AA62235}.Debug|x86.ActiveCfg = Debug|Any CPU
		{0DD79377-F1F7-4E6B-A778-CBBC5AA62235}.Debug|x86.Build.0 = Debug|Any CPU
		{0DD79377-F1F7-4E6B-A778-CBBC5AA62235}.Release|Any CPU.ActiveCfg = Release|Any CPU
		{0DD79377-F1F7-4E6B-A778-CBBC5AA62235}.Release|Any CPU.Build.0 = Release|Any CPU
		{0DD79377-F1F7-4E6B-A778-CBBC5AA62235}.Release|x64.ActiveCfg = Release|Any CPU
		{0DD79377-F1F7-4E6B-A778-CBBC5AA62235}.Release|x64.Build.0 = Release|Any CPU
		{0DD79377-F1F7-4E6B-A778-CBBC5AA62235}.Release|x86.ActiveCfg = Release|Any CPU
		{0DD79377-F1F7-4E6B-A778-CBBC5AA62235}.Release|x86.Build.0 = Release|Any CPU
		{3C337612-B932-4894-8AF9-C64C5DD9747C}.Debug|Any CPU.ActiveCfg = Debug|Any CPU
		{3C337612-B932-4894-8AF9-C64C5DD9747C}.Debug|Any CPU.Build.0 = Debug|Any CPU
		{3C337612-B932-4894-8AF9-C64C5DD9747C}.Debug|x64.ActiveCfg = Debug|Any CPU
		{3C337612-B932-4894-8AF9-C64C5DD9747C}.Debug|x64.Build.0 = Debug|Any CPU
		{3C337612-B932-4894-8AF9-C64C5DD9747C}.Debug|x86.ActiveCfg = Debug|Any CPU
		{3C337612-B932-4894-8AF9-C64C5DD9747C}.Debug|x86.Build.0 = Debug|Any CPU
		{3C337612-B932-4894-8AF9-C64C5DD9747C}.Release|Any CPU.ActiveCfg = Release|Any CPU
		{3C337612-B932-4894-8AF9-C64C5DD9747C}.Release|Any CPU.Build.0 = Release|Any CPU
		{3C337612-B932-4894-8AF9-C64C5DD9747C}.Release|x64.ActiveCfg = Release|Any CPU
		{3C337612-B932-4894-8AF9-C64C5DD9747C}.Release|x64.Build.0 = Release|Any CPU
		{3C337612-B932-4894-8AF9-C64C5DD9747C}.Release|x86.ActiveCfg = Release|Any CPU
		{3C337612-B932-4894-8AF9-C64C5DD9747C}.Release|x86.Build.0 = Release|Any CPU
		{18B5DAC7-35F1-4F73-93E2-7443162F3071}.Debug|Any CPU.ActiveCfg = Debug|Any CPU
		{18B5DAC7-35F1-4F73-93E2-7443162F3071}.Debug|Any CPU.Build.0 = Debug|Any CPU
		{18B5DAC7-35F1-4F73-93E2-7443162F3071}.Debug|x64.ActiveCfg = Debug|Any CPU
		{18B5DAC7-35F1-4F73-93E2-7443162F3071}.Debug|x64.Build.0 = Debug|Any CPU
		{18B5DAC7-35F1-4F73-93E2-7443162F3071}.Debug|x86.ActiveCfg = Debug|Any CPU
		{18B5DAC7-35F1-4F73-93E2-7443162F3071}.Debug|x86.Build.0 = Debug|Any CPU
		{18B5DAC7-35F1-4F73-93E2-7443162F3071}.Release|Any CPU.ActiveCfg = Release|Any CPU
		{18B5DAC7-35F1-4F73-93E2-7443162F3071}.Release|Any CPU.Build.0 = Release|Any CPU
		{18B5DAC7-35F1-4F73-93E2-7443162F3071}.Release|x64.ActiveCfg = Release|Any CPU
		{18B5DAC7-35F1-4F73-93E2-7443162F3071}.Release|x64.Build.0 = Release|Any CPU
		{18B5DAC7-35F1-4F73-93E2-7443162F3071}.Release|x86.ActiveCfg = Release|Any CPU
		{18B5DAC7-35F1-4F73-93E2-7443162F3071}.Release|x86.Build.0 = Release|Any CPU
		{F7D10AA3-8A4A-4BD7-846B-171F723E974B}.Debug|Any CPU.ActiveCfg = Debug|Any CPU
		{F7D10AA3-8A4A-4BD7-846B-171F723E974B}.Debug|Any CPU.Build.0 = Debug|Any CPU
		{F7D10AA3-8A4A-4BD7-846B-171F723E974B}.Debug|x64.ActiveCfg = Debug|Any CPU
		{F7D10AA3-8A4A-4BD7-846B-171F723E974B}.Debug|x64.Build.0 = Debug|Any CPU
		{F7D10AA3-8A4A-4BD7-846B-171F723E974B}.Debug|x86.ActiveCfg = Debug|Any CPU
		{F7D10AA3-8A4A-4BD7-846B-171F723E974B}.Debug|x86.Build.0 = Debug|Any CPU
		{F7D10AA3-8A4A-4BD7-846B-171F723E974B}.Release|Any CPU.ActiveCfg = Release|Any CPU
		{F7D10AA3-8A4A-4BD7-846B-171F723E974B}.Release|Any CPU.Build.0 = Release|Any CPU
		{F7D10AA3-8A4A-4BD7-846B-171F723E974B}.Release|x64.ActiveCfg = Release|Any CPU
		{F7D10AA3-8A4A-4BD7-846B-171F723E974B}.Release|x64.Build.0 = Release|Any CPU
		{F7D10AA3-8A4A-4BD7-846B-171F723E974B}.Release|x86.ActiveCfg = Release|Any CPU
		{F7D10AA3-8A4A-4BD7-846B-171F723E974B}.Release|x86.Build.0 = Release|Any CPU
	EndGlobalSection
	GlobalSection(SolutionProperties) = preSolution
		HideSolutionNode = FALSE
	EndGlobalSection
	GlobalSection(NestedProjects) = preSolution
		{82DA70C6-8FE4-4A10-BF31-5BDC1B63925C} = {827E0CD3-B72D-47B6-A68D-7590B98EB39B}
		{377C9A91-E6E5-42BD-9C8E-F3B1E9C925D8} = {827E0CD3-B72D-47B6-A68D-7590B98EB39B}
		{A27D542C-1A04-4B05-B540-1ED1DA668DCF} = {827E0CD3-B72D-47B6-A68D-7590B98EB39B}
		{1273C9CB-B1E8-4EAD-AE59-7CA51F75F353} = {827E0CD3-B72D-47B6-A68D-7590B98EB39B}
		{C22B3D6F-DD32-480E-A456-E2B861B093AD} = {827E0CD3-B72D-47B6-A68D-7590B98EB39B}
		{CE85B555-AB90-4B52-8F34-E068814062EE} = {827E0CD3-B72D-47B6-A68D-7590B98EB39B}
		{B1936184-8635-4ABF-BE79-566DF56D9CEB} = {827E0CD3-B72D-47B6-A68D-7590B98EB39B}
		{8F5CF0BC-05A9-4BC6-960C-88F3B9BF2082} = {827E0CD3-B72D-47B6-A68D-7590B98EB39B}
		{D4A12C13-E379-498C-BA4B-5C661B841443} = {827E0CD3-B72D-47B6-A68D-7590B98EB39B}
		{5D6F0B97-0170-4A27-BD47-642C0985669C} = {827E0CD3-B72D-47B6-A68D-7590B98EB39B}
		{3BB01CB7-5BA3-4045-B101-414015B1EFA2} = {827E0CD3-B72D-47B6-A68D-7590B98EB39B}
		{A3833F92-15F2-4CC4-9051-61E1C702489B} = {E927F87B-A585-A586-52B2-1371051E189F}
		{D2D3B0ED-87C7-46D1-A3BA-D2ED4B89D90B} = {827E0CD3-B72D-47B6-A68D-7590B98EB39B}
		{F9918DE9-73E2-4EE0-B48A-E8C861C446A0} = {0AB3BF05-4346-4AA6-1389-037BE0695223}
		{6B8D88BA-41A8-4C48-BF3A-610DFEEE970F} = {0AB3BF05-4346-4AA6-1389-037BE0695223}
		{830CD527-EE99-4458-9542-B093EF1CF590} = {0AB3BF05-4346-4AA6-1389-037BE0695223}
		{4DA4C389-698B-4393-9E63-0841A87D2062} = {0AB3BF05-4346-4AA6-1389-037BE0695223}
		{C8425431-0CF8-44B5-9026-5C102E94A835} = {0AB3BF05-4346-4AA6-1389-037BE0695223}
		{1FACB985-5E50-4E73-8CEC-00EE7002AE84} = {0AB3BF05-4346-4AA6-1389-037BE0695223}
		{0DD79377-F1F7-4E6B-A778-CBBC5AA62235} = {0AB3BF05-4346-4AA6-1389-037BE0695223}
		{63ECD0DA-42CA-20A9-CF72-40E7F2686A58} = {0AB3BF05-4346-4AA6-1389-037BE0695223}
		{FCEDD080-E0C7-CC40-9AE5-39A90F50331E} = {63ECD0DA-42CA-20A9-CF72-40E7F2686A58}
		{3C337612-B932-4894-8AF9-C64C5DD9747C} = {FCEDD080-E0C7-CC40-9AE5-39A90F50331E}
		{18B5DAC7-35F1-4F73-93E2-7443162F3071} = {FCEDD080-E0C7-CC40-9AE5-39A90F50331E}
		{F7D10AA3-8A4A-4BD7-846B-171F723E974B} = {FCEDD080-E0C7-CC40-9AE5-39A90F50331E}
	EndGlobalSection
EndGlobal
